// !$*UTF8*$!
{
	archiveVersion = 1;
	classes = {
	};
	objectVersion = 46;
	objects = {

/* Begin PBXBuildFile section */
		7B9C35ED1F6CB80F00EBE04D /* AppDelegate.swift in Sources */ = {isa = PBXBuildFile; fileRef = 7B9C35EC1F6CB80F00EBE04D /* AppDelegate.swift */; };
		7B9C35EF1F6CB80F00EBE04D /* ViewController.swift in Sources */ = {isa = PBXBuildFile; fileRef = 7B9C35EE1F6CB80F00EBE04D /* ViewController.swift */; };
		7B9C35F21F6CB80F00EBE04D /* Main.storyboard in Resources */ = {isa = PBXBuildFile; fileRef = 7B9C35F01F6CB80F00EBE04D /* Main.storyboard */; };
		7B9C35F41F6CB80F00EBE04D /* Assets.xcassets in Resources */ = {isa = PBXBuildFile; fileRef = 7B9C35F31F6CB80F00EBE04D /* Assets.xcassets */; };
		7B9C35F71F6CB80F00EBE04D /* LaunchScreen.storyboard in Resources */ = {isa = PBXBuildFile; fileRef = 7B9C35F51F6CB80F00EBE04D /* LaunchScreen.storyboard */; };
		7B9C36021F6CB80F00EBE04D /* longTapExampleTests.swift in Sources */ = {isa = PBXBuildFile; fileRef = 7B9C36011F6CB80F00EBE04D /* longTapExampleTests.swift */; };
/* End PBXBuildFile section */

/* Begin PBXContainerItemProxy section */
		7B9C35FE1F6CB80F00EBE04D /* PBXContainerItemProxy */ = {
			isa = PBXContainerItemProxy;
			containerPortal = 7B9C35E11F6CB80F00EBE04D /* Project object */;
			proxyType = 1;
			remoteGlobalIDString = 7B9C35E81F6CB80F00EBE04D;
			remoteInfo = longTapExample;
		};
/* End PBXContainerItemProxy section */

/* Begin PBXFileReference section */
		7B9C35E91F6CB80F00EBE04D /* longTapExample.app */ = {isa = PBXFileReference; explicitFileType = wrapper.application; includeInIndex = 0; path = longTapExample.app; sourceTree = BUILT_PRODUCTS_DIR; };
		7B9C35EC1F6CB80F00EBE04D /* AppDelegate.swift */ = {isa = PBXFileReference; lastKnownFileType = sourcecode.swift; path = AppDelegate.swift; sourceTree = "<group>"; };
		7B9C35EE1F6CB80F00EBE04D /* ViewController.swift */ = {isa = PBXFileReference; lastKnownFileType = sourcecode.swift; path = ViewController.swift; sourceTree = "<group>"; };
		7B9C35F11F6CB80F00EBE04D /* Base */ = {isa = PBXFileReference; lastKnownFileType = file.storyboard; name = Base; path = Base.lproj/Main.storyboard; sourceTree = "<group>"; };
		7B9C35F31F6CB80F00EBE04D /* Assets.xcassets */ = {isa = PBXFileReference; lastKnownFileType = folder.assetcatalog; path = Assets.xcassets; sourceTree = "<group>"; };
		7B9C35F61F6CB80F00EBE04D /* Base */ = {isa = PBXFileReference; lastKnownFileType = file.storyboard; name = Base; path = Base.lproj/LaunchScreen.storyboard; sourceTree = "<group>"; };
		7B9C35F81F6CB80F00EBE04D /* Info.plist */ = {isa = PBXFileReference; lastKnownFileType = text.plist.xml; path = Info.plist; sourceTree = "<group>"; };
		7B9C35FD1F6CB80F00EBE04D /* longTapExampleTests.xctest */ = {isa = PBXFileReference; explicitFileType = wrapper.cfbundle; includeInIndex = 0; path = longTapExampleTests.xctest; sourceTree = BUILT_PRODUCTS_DIR; };
		7B9C36011F6CB80F00EBE04D /* longTapExampleTests.swift */ = {isa = PBXFileReference; lastKnownFileType = sourcecode.swift; path = longTapExampleTests.swift; sourceTree = "<group>"; };
		7B9C36031F6CB80F00EBE04D /* Info.plist */ = {isa = PBXFileReference; lastKnownFileType = text.plist.xml; path = Info.plist; sourceTree = "<group>"; };
/* End PBXFileReference section */

/* Begin PBXFrameworksBuildPhase section */
		7B9C35E61F6CB80F00EBE04D /* Frameworks */ = {
			isa = PBXFrameworksBuildPhase;
			buildActionMask = 2147483647;
			files = (
			);
			runOnlyForDeploymentPostprocessing = 0;
		};
		7B9C35FA1F6CB80F00EBE04D /* Frameworks */ = {
			isa = PBXFrameworksBuildPhase;
			buildActionMask = 2147483647;
			files = (
			);
			runOnlyForDeploymentPostprocessing = 0;
		};
/* End PBXFrameworksBuildPhase section */

/* Begin PBXGroup section */
		7B9C35E01F6CB80F00EBE04D = {
			isa = PBXGroup;
			children = (
				7B9C35EB1F6CB80F00EBE04D /* longTapExample */,
				7B9C36001F6CB80F00EBE04D /* longTapExampleTests */,
				7B9C35EA1F6CB80F00EBE04D /* Products */,
			);
			sourceTree = "<group>";
		};
		7B9C35EA1F6CB80F00EBE04D /* Products */ = {
			isa = PBXGroup;
			children = (
				7B9C35E91F6CB80F00EBE04D /* longTapExample.app */,
				7B9C35FD1F6CB80F00EBE04D /* longTapExampleTests.xctest */,
			);
			name = Products;
			sourceTree = "<group>";
		};
		7B9C35EB1F6CB80F00EBE04D /* longTapExample */ = {
			isa = PBXGroup;
			children = (
				7B9C35EC1F6CB80F00EBE04D /* AppDelegate.swift */,
				7B9C35EE1F6CB80F00EBE04D /* ViewController.swift */,
				7B9C35F01F6CB80F00EBE04D /* Main.storyboard */,
				7B9C35F31F6CB80F00EBE04D /* Assets.xcassets */,
				7B9C35F51F6CB80F00EBE04D /* LaunchScreen.storyboard */,
				7B9C35F81F6CB80F00EBE04D /* Info.plist */,
			);
			path = longTapExample;
			sourceTree = "<group>";
		};
		7B9C36001F6CB80F00EBE04D /* longTapExampleTests */ = {
			isa = PBXGroup;
			children = (
				7B9C36011F6CB80F00EBE04D /* longTapExampleTests.swift */,
				7B9C36031F6CB80F00EBE04D /* Info.plist */,
			);
			path = longTapExampleTests;
			sourceTree = "<group>";
		};
/* End PBXGroup section */

/* Begin PBXNativeTarget section */
		7B9C35E81F6CB80F00EBE04D /* longTapExample */ = {
			isa = PBXNativeTarget;
			buildConfigurationList = 7B9C36061F6CB80F00EBE04D /* Build configuration list for PBXNativeTarget "longTapExample" */;
			buildPhases = (
				7B9C35E51F6CB80F00EBE04D /* Sources */,
				7B9C35E61F6CB80F00EBE04D /* Frameworks */,
				7B9C35E71F6CB80F00EBE04D /* Resources */,
			);
			buildRules = (
			);
			dependencies = (
			);
			name = longTapExample;
			productName = longTapExample;
			productReference = 7B9C35E91F6CB80F00EBE04D /* longTapExample.app */;
			productType = "com.apple.product-type.application";
		};
		7B9C35FC1F6CB80F00EBE04D /* longTapExampleTests */ = {
			isa = PBXNativeTarget;
			buildConfigurationList = 7B9C36091F6CB80F00EBE04D /* Build configuration list for PBXNativeTarget "longTapExampleTests" */;
			buildPhases = (
				7B9C35F91F6CB80F00EBE04D /* Sources */,
				7B9C35FA1F6CB80F00EBE04D /* Frameworks */,
				7B9C35FB1F6CB80F00EBE04D /* Resources */,
			);
			buildRules = (
			);
			dependencies = (
				7B9C35FF1F6CB80F00EBE04D /* PBXTargetDependency */,
			);
			name = longTapExampleTests;
			productName = longTapExampleTests;
			productReference = 7B9C35FD1F6CB80F00EBE04D /* longTapExampleTests.xctest */;
			productType = "com.apple.product-type.bundle.unit-test";
		};
/* End PBXNativeTarget section */

/* Begin PBXProject section */
		7B9C35E11F6CB80F00EBE04D /* Project object */ = {
			isa = PBXProject;
			attributes = {
				LastSwiftUpdateCheck = 0830;
				LastUpgradeCheck = 0830;
				TargetAttributes = {
					7B9C35E81F6CB80F00EBE04D = {
						CreatedOnToolsVersion = 8.3.3;
						ProvisioningStyle = Automatic;
					};
					7B9C35FC1F6CB80F00EBE04D = {
						CreatedOnToolsVersion = 8.3.3;
						ProvisioningStyle = Automatic;
						TestTargetID = 7B9C35E81F6CB80F00EBE04D;
					};
				};
			};
			buildConfigurationList = 7B9C35E41F6CB80F00EBE04D /* Build configuration list for PBXProject "longTapExample" */;
			compatibilityVersion = "Xcode 3.2";
			developmentRegion = English;
			hasScannedForEncodings = 0;
			knownRegions = (
				en,
				Base,
			);
			mainGroup = 7B9C35E01F6CB80F00EBE04D;
			productRefGroup = 7B9C35EA1F6CB80F00EBE04D /* Products */;
			projectDirPath = "";
			projectRoot = "";
			targets = (
				7B9C35E81F6CB80F00EBE04D /* longTapExample */,
				7B9C35FC1F6CB80F00EBE04D /* longTapExampleTests */,
			);
		};
/* End PBXProject section */

/* Begin PBXResourcesBuildPhase section */
		7B9C35E71F6CB80F00EBE04D /* Resources */ = {
			isa = PBXResourcesBuildPhase;
			buildActionMask = 2147483647;
			files = (
				7B9C35F71F6CB80F00EBE04D /* LaunchScreen.storyboard in Resources */,
				7B9C35F41F6CB80F00EBE04D /* Assets.xcassets in Resources */,
				7B9C35F21F6CB80F00EBE04D /* Main.storyboard in Resources */,
			);
			runOnlyForDeploymentPostprocessing = 0;
		};
		7B9C35FB1F6CB80F00EBE04D /* Resources */ = {
			isa = PBXResourcesBuildPhase;
			buildActionMask = 2147483647;
			files = (
			);
			runOnlyForDeploymentPostprocessing = 0;
		};
/* End PBXResourcesBuildPhase section */

/* Begin PBXSourcesBuildPhase section */
		7B9C35E51F6CB80F00EBE04D /* Sources */ = {
			isa = PBXSourcesBuildPhase;
			buildActionMask = 2147483647;
			files = (
				7B9C35EF1F6CB80F00EBE04D /* ViewController.swift in Sources */,
				7B9C35ED1F6CB80F00EBE04D /* AppDelegate.swift in Sources */,
			);
			runOnlyForDeploymentPostprocessing = 0;
		};
		7B9C35F91F6CB80F00EBE04D /* Sources */ = {
			isa = PBXSourcesBuildPhase;
			buildActionMask = 2147483647;
			files = (
				7B9C36021F6CB80F00EBE04D /* longTapExampleTests.swift in Sources */,
			);
			runOnlyForDeploymentPostprocessing = 0;
		};
/* End PBXSourcesBuildPhase section */

/* Begin PBXTargetDependency section */
		7B9C35FF1F6CB80F00EBE04D /* PBXTargetDependency */ = {
			isa = PBXTargetDependency;
			target = 7B9C35E81F6CB80F00EBE04D /* longTapExample */;
			targetProxy = 7B9C35FE1F6CB80F00EBE04D /* PBXContainerItemProxy */;
		};
/* End PBXTargetDependency section */

/* Begin PBXVariantGroup section */
		7B9C35F01F6CB80F00EBE04D /* Main.storyboard */ = {
			isa = PBXVariantGroup;
			children = (
				7B9C35F11F6CB80F00EBE04D /* Base */,
			);
			name = Main.storyboard;
			sourceTree = "<group>";
		};
		7B9C35F51F6CB80F00EBE04D /* LaunchScreen.storyboard */ = {
			isa = PBXVariantGroup;
			children = (
				7B9C35F61F6CB80F00EBE04D /* Base */,
			);
			name = LaunchScreen.storyboard;
			sourceTree = "<group>";
		};
/* End PBXVariantGroup section */

/* Begin XCBuildConfiguration section */
		7B9C36041F6CB80F00EBE04D /* Debug */ = {
			isa = XCBuildConfiguration;
			buildSettings = {
				ALWAYS_SEARCH_USER_PATHS = NO;
				CLANG_ANALYZER_NONNULL = YES;
				CLANG_ANALYZER_NUMBER_OBJECT_CONVERSION = YES_AGGRESSIVE;
				CLANG_CXX_LANGUAGE_STANDARD = "gnu++0x";
				CLANG_CXX_LIBRARY = "libc++";
				CLANG_ENABLE_MODULES = YES;
				CLANG_ENABLE_OBJC_ARC = YES;
				CLANG_WARN_BOOL_CONVERSION = YES;
				CLANG_WARN_CONSTANT_CONVERSION = YES;
				CLANG_WARN_DIRECT_OBJC_ISA_USAGE = YES_ERROR;
				CLANG_WARN_DOCUMENTATION_COMMENTS = YES;
				CLANG_WARN_EMPTY_BODY = YES;
				CLANG_WARN_ENUM_CONVERSION = YES;
				CLANG_WARN_INFINITE_RECURSION = YES;
				CLANG_WARN_INT_CONVERSION = YES;
				CLANG_WARN_OBJC_ROOT_CLASS = YES_ERROR;
				CLANG_WARN_SUSPICIOUS_MOVE = YES;
				CLANG_WARN_UNREACHABLE_CODE = YES;
				CLANG_WARN__DUPLICATE_METHOD_MATCH = YES;
				"CODE_SIGN_IDENTITY[sdk=iphoneos*]" = "iPhone Developer";
				COPY_PHASE_STRIP = NO;
				DEBUG_INFORMATION_FORMAT = dwarf;
				ENABLE_STRICT_OBJC_MSGSEND = YES;
				ENABLE_TESTABILITY = YES;
				GCC_C_LANGUAGE_STANDARD = gnu99;
				GCC_DYNAMIC_NO_PIC = NO;
				GCC_NO_COMMON_BLOCKS = YES;
				GCC_OPTIMIZATION_LEVEL = 0;
				GCC_PREPROCESSOR_DEFINITIONS = (
					"DEBUG=1",
					"$(inherited)",
				);
				GCC_WARN_64_TO_32_BIT_CONVERSION = YES;
				GCC_WARN_ABOUT_RETURN_TYPE = YES_ERROR;
				GCC_WARN_UNDECLARED_SELECTOR = YES;
				GCC_WARN_UNINITIALIZED_AUTOS = YES_AGGRESSIVE;
				GCC_WARN_UNUSED_FUNCTION = YES;
				GCC_WARN_UNUSED_VARIABLE = YES;
				IPHONEOS_DEPLOYMENT_TARGET = 10.3;
				MTL_ENABLE_DEBUG_INFO = YES;
				ONLY_ACTIVE_ARCH = YES;
				SDKROOT = iphoneos;
				SWIFT_ACTIVE_COMPILATION_CONDITIONS = DEBUG;
				SWIFT_OPTIMIZATION_LEVEL = "-Onone";
			};
			name = Debug;
		};
		7B9C36051F6CB80F00EBE04D /* Release */ = {
			isa = XCBuildConfiguration;
			buildSettings = {
				ALWAYS_SEARCH_USER_PATHS = NO;
				CLANG_ANALYZER_NONNULL = YES;
				CLANG_ANALYZER_NUMBER_OBJECT_CONVERSION = YES_AGGRESSIVE;
				CLANG_CXX_LANGUAGE_STANDARD = "gnu++0x";
				CLANG_CXX_LIBRARY = "libc++";
				CLANG_ENABLE_MODULES = YES;
				CLANG_ENABLE_OBJC_ARC = YES;
				CLANG_WARN_BOOL_CONVERSION = YES;
				CLANG_WARN_CONSTANT_CONVERSION = YES;
				CLANG_WARN_DIRECT_OBJC_ISA_USAGE = YES_ERROR;
				CLANG_WARN_DOCUMENTATION_COMMENTS = YES;
				CLANG_WARN_EMPTY_BODY = YES;
				CLANG_WARN_ENUM_CONVERSION = YES;
				CLANG_WARN_INFINITE_RECURSION = YES;
				CLANG_WARN_INT_CONVERSION = YES;
				CLANG_WARN_OBJC_ROOT_CLASS = YES_ERROR;
				CLANG_WARN_SUSPICIOUS_MOVE = YES;
				CLANG_WARN_UNREACHABLE_CODE = YES;
				CLANG_WARN__DUPLICATE_METHOD_MATCH = YES;
				"CODE_SIGN_IDENTITY[sdk=iphoneos*]" = "iPhone Developer";
				COPY_PHASE_STRIP = NO;
				DEBUG_INFORMATION_FORMAT = "dwarf-with-dsym";
				ENABLE_NS_ASSERTIONS = NO;
				ENABLE_STRICT_OBJC_MSGSEND = YES;
				GCC_C_LANGUAGE_STANDARD = gnu99;
				GCC_NO_COMMON_BLOCKS = YES;
				GCC_WARN_64_TO_32_BIT_CONVERSION = YES;
				GCC_WARN_ABOUT_RETURN_TYPE = YES_ERROR;
				GCC_WARN_UNDECLARED_SELECTOR = YES;
				GCC_WARN_UNINITIALIZED_AUTOS = YES_AGGRESSIVE;
				GCC_WARN_UNUSED_FUNCTION = YES;
				GCC_WARN_UNUSED_VARIABLE = YES;
				IPHONEOS_DEPLOYMENT_TARGET = 10.3;
				MTL_ENABLE_DEBUG_INFO = NO;
				SDKROOT = iphoneos;
				SWIFT_OPTIMIZATION_LEVEL = "-Owholemodule";
				VALIDATE_PRODUCT = YES;
			};
			name = Release;
		};
		7B9C36071F6CB80F00EBE04D /* Debug */ = {
			isa = XCBuildConfiguration;
			buildSettings = {
				ASSETCATALOG_COMPILER_APPICON_NAME = AppIcon;
				INFOPLIST_FILE = longTapExample/Info.plist;
				LD_RUNPATH_SEARCH_PATHS = "$(inherited) @executable_path/Frameworks";
				PRODUCT_BUNDLE_IDENTIFIER = murakamiii.longTapExample;
				PRODUCT_NAME = "$(TARGET_NAME)";
				SWIFT_VERSION = 3.0;
			};
			name = Debug;
		};
		7B9C36081F6CB80F00EBE04D /* Release */ = {
			isa = XCBuildConfiguration;
			buildSettings = {
				ASSETCATALOG_COMPILER_APPICON_NAME = AppIcon;
				INFOPLIST_FILE = longTapExample/Info.plist;
				LD_RUNPATH_SEARCH_PATHS = "$(inherited) @executable_path/Frameworks";
				PRODUCT_BUNDLE_IDENTIFIER = murakamiii.longTapExample;
				PRODUCT_NAME = "$(TARGET_NAME)";
				SWIFT_VERSION = 3.0;
			};
			name = Release;
		};
		7B9C360A1F6CB80F00EBE04D /* Debug */ = {
			isa = XCBuildConfiguration;
			buildSettings = {
				ALWAYS_EMBED_SWIFT_STANDARD_LIBRARIES = YES;
				BUNDLE_LOADER = "$(TEST_HOST)";
				INFOPLIST_FILE = longTapExampleTests/Info.plist;
				LD_RUNPATH_SEARCH_PATHS = "$(inherited) @executable_path/Frameworks @loader_path/Frameworks";
				PRODUCT_BUNDLE_IDENTIFIER = murakamiii.longTapExampleTests;
				PRODUCT_NAME = "$(TARGET_NAME)";
				SWIFT_VERSION = 3.0;
				TEST_HOST = "$(BUILT_PRODUCTS_DIR)/longTapExample.app/longTapExample";
			};
			name = Debug;
		};
		7B9C360B1F6CB80F00EBE04D /* Release */ = {
			isa = XCBuildConfiguration;
			buildSettings = {
				ALWAYS_EMBED_SWIFT_STANDARD_LIBRARIES = YES;
				BUNDLE_LOADER = "$(TEST_HOST)";
				INFOPLIST_FILE = longTapExampleTests/Info.plist;
				LD_RUNPATH_SEARCH_PATHS = "$(inherited) @executable_path/Frameworks @loader_path/Frameworks";
				PRODUCT_BUNDLE_IDENTIFIER = murakamiii.longTapExampleTests;
				PRODUCT_NAME = "$(TARGET_NAME)";
				SWIFT_VERSION = 3.0;
				TEST_HOST = "$(BUILT_PRODUCTS_DIR)/longTapExample.app/longTapExample";
			};
			name = Release;
		};
/* End XCBuildConfiguration section */

/* Begin XCConfigurationList section */
		7B9C35E41F6CB80F00EBE04D /* Build configuration list for PBXProject "longTapExample" */ = {
			isa = XCConfigurationList;
			buildConfigurations = (
				7B9C36041F6CB80F00EBE04D /* Debug */,
				7B9C36051F6CB80F00EBE04D /* Release */,
			);
			defaultConfigurationIsVisible = 0;
			defaultConfigurationName = Release;
		};
		7B9C36061F6CB80F00EBE04D /* Build configuration list for PBXNativeTarget "longTapExample" */ = {
			isa = XCConfigurationList;
			buildConfigurations = (
				7B9C36071F6CB80F00EBE04D /* Debug */,
				7B9C36081F6CB80F00EBE04D /* Release */,
			);
			defaultConfigurationIsVisible = 0;
		};
		7B9C36091F6CB80F00EBE04D /* Build configuration list for PBXNativeTarget "longTapExampleTests" */ = {
			isa = XCConfigurationList;
			buildConfigurations = (
				7B9C360A1F6CB80F00EBE04D /* Debug */,
				7B9C360B1F6CB80F00EBE04D /* Release */,
			);
			defaultConfigurationIsVisible = 0;
		};
/* End XCConfigurationList section */
	};
	rootObject = 7B9C35E11F6CB80F00EBE04D /* Project object */;
}
